
Microsoft Visual Studio Solution File, Format Version 12.00
# Visual Studio Version 17
VisualStudioVersion = 17.0.31903.59
MinimumVisualStudioVersion = 10.0.40219.1
Project("{FAE04EC0-301F-11D3-BF4B-00C04F79EFBC}") = "ConnectFour", "ConnectFour\ConnectFour.csproj", "{B1CF2216-8612-4A67-83D9-10E69AB04252}"
EndProject
Global
	GlobalSection(SolutionConfigurationPlatforms) = preSolution
		Debug|Any CPU = Debug|Any CPU
		Release|Any CPU = Release|Any CPU
	EndGlobalSection
	GlobalSection(ProjectConfigurationPlatforms) = postSolution
		{B1CF2216-8612-4A67-83D9-10E69AB04252}.Debug|Any CPU.ActiveCfg = Debug|Any CPU
		{B1CF2216-8612-4A67-83D9-10E69AB04252}.Debug|Any CPU.Build.0 = Debug|Any CPU
		{B1CF2216-8612-4A67-83D9-10E69AB04252}.Release|Any CPU.ActiveCfg = Release|Any CPU
		{B1CF2216-8612-4A67-83D9-10E69AB04252}.Release|Any CPU.Build.0 = Release|Any CPU
	EndGlobalSection
	GlobalSection(SolutionProperties) = preSolution
		HideSolutionNode = FALSE
	EndGlobalSection
	GlobalSection(ExtensibilityGlobals) = postSolution
		SolutionGuid = {E5E01F47-82C5-43EF-A526-A55933215765}
	EndGlobalSection
EndGlobal
